// !$*UTF8*$!
{
	archiveVersion = 1;
	classes = {
	};
	objectVersion = 46;
	objects = {

/* Begin PBXFileReference section */
		B43BE9B11AA622C4002E66F4 /* Example.htm */ = {isa = PBXFileReference; lastKnownFileType = text.html; path = Example.htm; sourceTree = "<group>"; };
		B43BE9B21AA63373002E66F4 /* Example2.htm */ = {isa = PBXFileReference; lastKnownFileType = text.html; path = Example2.htm; sourceTree = "<group>"; };
		B47939B11B29ED9900F6F38F /* Screen1.png */ = {isa = PBXFileReference; lastKnownFileType = image.png; path = Screen1.png; sourceTree = "<group>"; };
		B47939B31B29F16C00F6F38F /* exampleCSV.csv */ = {isa = PBXFileReference; lastKnownFileType = text; path = exampleCSV.csv; sourceTree = "<group>"; };
		B47939B41B29F16C00F6F38F /* exampleXLSX.xlsx */ = {isa = PBXFileReference; lastKnownFileType = file; path = exampleXLSX.xlsx; sourceTree = "<group>"; };
		B47939B51B29F19100F6F38F /* Example.docx */ = {isa = PBXFileReference; lastKnownFileType = file; path = Example.docx; sourceTree = "<group>"; };
/* End PBXFileReference section */

/* Begin PBXGroup section */
		B4F8F55C1AA618BA0039FD01 = {
			isa = PBXGroup;
			children = (
				B43BE9B11AA622C4002E66F4 /* Example.htm */,
				B43BE9B21AA63373002E66F4 /* Example2.htm */,
				B47939B11B29ED9900F6F38F /* Screen1.png */,
				B47939B31B29F16C00F6F38F /* exampleCSV.csv */,
				B47939B41B29F16C00F6F38F /* exampleXLSX.xlsx */,
				B47939B51B29F19100F6F38F /* Example.docx */,
			);
			sourceTree = "<group>";
		};
/* End PBXGroup section */

/* Begin PBXProject section */
		B4F8F55D1AA618BA0039FD01 /* Project object */ = {
			isa = PBXProject;
			attributes = {
				LastUpgradeCheck = 0610;
			};
			buildConfigurationList = B4F8F5601AA618BA0039FD01 /* Build configuration list for PBXProject "EducationGitExample" */;
			compatibilityVersion = "Xcode 3.2";
			developmentRegion = English;
			hasScannedForEncodings = 0;
			knownRegions = (
				en,
			);
			mainGroup = B4F8F55C1AA618BA0039FD01;
			projectDirPath = "";
			projectRoot = "";
			targets = (
			);
		};
/* End PBXProject section */

/* Begin XCBuildConfiguration section */
		B4F8F5611AA618BA0039FD01 /* Debug */ = {
			isa = XCBuildConfiguration;
			buildSettings = {
			};
			name = Debug;
		};
		B4F8F5621AA618BA0039FD01 /* Release */ = {
			isa = XCBuildConfiguration;
			buildSettings = {
			};
			name = Release;
		};
/* End XCBuildConfiguration section */

/* Begin XCConfigurationList section */
		B4F8F5601AA618BA0039FD01 /* Build configuration list for PBXProject "EducationGitExample" */ = {
			isa = XCConfigurationList;
			buildConfigurations = (
				B4F8F5611AA618BA0039FD01 /* Debug */,
				B4F8F5621AA618BA0039FD01 /* Release */,
			);
			defaultConfigurationIsVisible = 0;
			defaultConfigurationName = Release;
		};
/* End XCConfigurationList section */
	};
	rootObject = B4F8F55D1AA618BA0039FD01 /* Project object */;
}
